
Microsoft Visual Studio Solution File, Format Version 12.00
# Visual Studio Version 16
VisualStudioVersion = 16.0.30804.86
MinimumVisualStudioVersion = 10.0.40219.1
Project("{FAE04EC0-301F-11D3-BF4B-00C04F79EFBC}") = "PpmpMessageModel", "PpmpMessageModel\PpmpMessageModel.csproj", "{71D893F1-C33C-4758-BA26-9056D2554AE3}"
EndProject
Global
	GlobalSection(SolutionConfigurationPlatforms) = preSolution
		Debug|Any CPU = Debug|Any CPU
		Release|Any CPU = Release|Any CPU
	EndGlobalSection
	GlobalSection(ProjectConfigurationPlatforms) = postSolution
		{71D893F1-C33C-4758-BA26-9056D2554AE3}.Debug|Any CPU.ActiveCfg = Debug|Any CPU
		{71D893F1-C33C-4758-BA26-9056D2554AE3}.Debug|Any CPU.Build.0 = Debug|Any CPU
		{71D893F1-C33C-4758-BA26-9056D2554AE3}.Release|Any CPU.ActiveCfg = Release|Any CPU
		{71D893F1-C33C-4758-BA26-9056D2554AE3}.Release|Any CPU.Build.0 = Release|Any CPU
	EndGlobalSection
	GlobalSection(SolutionProperties) = preSolution
		HideSolutionNode = FALSE
	EndGlobalSection
	GlobalSection(ExtensibilityGlobals) = postSolution
		SolutionGuid = {EA95AD1B-98A7-4407-BD43-9162C82CE5F9}
	EndGlobalSection
EndGlobal
